
Microsoft Visual Studio Solution File, Format Version 12.00
# Visual Studio Version 17
VisualStudioVersion = 17.1.32414.318
MinimumVisualStudioVersion = 10.0.40219.1
Project("{888888A0-9F3D-457C-B088-3A5042F75D52}") = "UnitTesting", "UnitTesting.pyproj", "{A3570A2B-612D-4C23-9586-1CC40B06C409}"
EndProject
Global
	GlobalSection(SolutionConfigurationPlatforms) = preSolution
		Debug|Any CPU = Debug|Any CPU
		Release|Any CPU = Release|Any CPU
	EndGlobalSection
	GlobalSection(ProjectConfigurationPlatforms) = postSolution
		{A3570A2B-612D-4C23-9586-1CC40B06C409}.Debug|Any CPU.ActiveCfg = Debug|Any CPU
		{A3570A2B-612D-4C23-9586-1CC40B06C409}.Release|Any CPU.ActiveCfg = Release|Any CPU
	EndGlobalSection
	GlobalSection(SolutionProperties) = preSolution
		HideSolutionNode = FALSE
	EndGlobalSection
	GlobalSection(ExtensibilityGlobals) = postSolution
		SolutionGuid = {814FFB68-16B1-446F-9DD2-72B66C03DE94}
	EndGlobalSection
EndGlobal
